
Microsoft Visual Studio Solution File, Format Version 12.00
# Visual Studio Version 17
VisualStudioVersion = 17.7.34031.279
MinimumVisualStudioVersion = 10.0.40219.1
Project("{FAE04EC0-301F-11D3-BF4B-00C04F79EFBC}") = "Tool IG", "Tool IG\Tool IG.csproj", "{653009B5-7F6D-4AA7-AF0E-AA9E27B07C17}"
EndProject
Global
	GlobalSection(SolutionConfigurationPlatforms) = preSolution
		Debug|Any CPU = Debug|Any CPU
		Release|Any CPU = Release|Any CPU
	EndGlobalSection
	GlobalSection(ProjectConfigurationPlatforms) = postSolution
		{653009B5-7F6D-4AA7-AF0E-AA9E27B07C17}.Debug|Any CPU.ActiveCfg = Debug|Any CPU
		{653009B5-7F6D-4AA7-AF0E-AA9E27B07C17}.Debug|Any CPU.Build.0 = Debug|Any CPU
		{653009B5-7F6D-4AA7-AF0E-AA9E27B07C17}.Release|Any CPU.ActiveCfg = Release|Any CPU
		{653009B5-7F6D-4AA7-AF0E-AA9E27B07C17}.Release|Any CPU.Build.0 = Release|Any CPU
	EndGlobalSection
	GlobalSection(SolutionProperties) = preSolution
		HideSolutionNode = FALSE
	EndGlobalSection
	GlobalSection(ExtensibilityGlobals) = postSolution
		SolutionGuid = {912E9072-C8B6-4E94-82E7-7512A75C5B20}
	EndGlobalSection
EndGlobal
